
Microsoft Visual Studio Solution File, Format Version 12.00
# Visual Studio Version 17
VisualStudioVersion = 17.8.34931.61
MinimumVisualStudioVersion = 10.0.40219.1
Project("{FAE04EC0-301F-11D3-BF4B-00C04F79EFBC}") = "CommentSentimentPredictor", "CommentSentimentPredictor\CommentSentimentPredictor.csproj", "{7A773BB4-A5B2-44CC-B7EA-7C1357BFB13E}"
EndProject
Global
	GlobalSection(SolutionConfigurationPlatforms) = preSolution
		Debug|Any CPU = Debug|Any CPU
		Release|Any CPU = Release|Any CPU
	EndGlobalSection
	GlobalSection(ProjectConfigurationPlatforms) = postSolution
		{7A773BB4-A5B2-44CC-B7EA-7C1357BFB13E}.Debug|Any CPU.ActiveCfg = Debug|Any CPU
		{7A773BB4-A5B2-44CC-B7EA-7C1357BFB13E}.Debug|Any CPU.Build.0 = Debug|Any CPU
		{7A773BB4-A5B2-44CC-B7EA-7C1357BFB13E}.Release|Any CPU.ActiveCfg = Release|Any CPU
		{7A773BB4-A5B2-44CC-B7EA-7C1357BFB13E}.Release|Any CPU.Build.0 = Release|Any CPU
	EndGlobalSection
	GlobalSection(SolutionProperties) = preSolution
		HideSolutionNode = FALSE
	EndGlobalSection
	GlobalSection(ExtensibilityGlobals) = postSolution
		SolutionGuid = {195FEA55-A68D-4776-A4F4-77CF3DE29D1C}
	EndGlobalSection
EndGlobal
